
Microsoft Visual Studio Solution File, Format Version 12.00
# Visual Studio Version 17
VisualStudioVersion = 17.10.35013.160
MinimumVisualStudioVersion = 10.0.40219.1
Project("{FAE04EC0-301F-11D3-BF4B-00C04F79EFBC}") = "Gestionnaire_de_l_Infrastructure_Reseaux", "Gestionnaire_de_l_Infrastructure_Reseaux\Gestionnaire_de_l_Infrastructure_Reseaux.csproj", "{ACBF4EAA-2272-4864-A14B-D1D63752CA3B}"
EndProject
Global
	GlobalSection(SolutionConfigurationPlatforms) = preSolution
		Debug|Any CPU = Debug|Any CPU
		Release|Any CPU = Release|Any CPU
	EndGlobalSection
	GlobalSection(ProjectConfigurationPlatforms) = postSolution
		{ACBF4EAA-2272-4864-A14B-D1D63752CA3B}.Debug|Any CPU.ActiveCfg = Debug|Any CPU
		{ACBF4EAA-2272-4864-A14B-D1D63752CA3B}.Debug|Any CPU.Build.0 = Debug|Any CPU
		{ACBF4EAA-2272-4864-A14B-D1D63752CA3B}.Release|Any CPU.ActiveCfg = Release|Any CPU
		{ACBF4EAA-2272-4864-A14B-D1D63752CA3B}.Release|Any CPU.Build.0 = Release|Any CPU
	EndGlobalSection
	GlobalSection(SolutionProperties) = preSolution
		HideSolutionNode = FALSE
	EndGlobalSection
	GlobalSection(ExtensibilityGlobals) = postSolution
		SolutionGuid = {F92CD86A-2872-47FF-9040-AA2B0E3E88DE}
	EndGlobalSection
EndGlobal
